
Microsoft Visual Studio Solution File, Format Version 12.00
# Visual Studio Version 16
VisualStudioVersion = 16.0.35130.168
MinimumVisualStudioVersion = 10.0.40219.1
Project("{FAE04EC0-301F-11D3-BF4B-00C04F79EFBC}") = "AntiCarjack", "AntiCarjack\AntiCarjack.csproj", "{DCD0036D-FA66-4716-A30B-3C9688241EFF}"
EndProject
Global
	GlobalSection(SolutionConfigurationPlatforms) = preSolution
		Debug|Any CPU = Debug|Any CPU
		Release|Any CPU = Release|Any CPU
	EndGlobalSection
	GlobalSection(ProjectConfigurationPlatforms) = postSolution
		{DCD0036D-FA66-4716-A30B-3C9688241EFF}.Debug|Any CPU.ActiveCfg = Debug|Any CPU
		{DCD0036D-FA66-4716-A30B-3C9688241EFF}.Debug|Any CPU.Build.0 = Debug|Any CPU
		{DCD0036D-FA66-4716-A30B-3C9688241EFF}.Release|Any CPU.ActiveCfg = Release|Any CPU
		{DCD0036D-FA66-4716-A30B-3C9688241EFF}.Release|Any CPU.Build.0 = Release|Any CPU
	EndGlobalSection
	GlobalSection(SolutionProperties) = preSolution
		HideSolutionNode = FALSE
	EndGlobalSection
	GlobalSection(ExtensibilityGlobals) = postSolution
		SolutionGuid = {512A0C7D-6242-4A37-AF26-0138F2FCE339}
	EndGlobalSection
EndGlobal
